
Microsoft Visual Studio Solution File, Format Version 12.00
# Visual Studio Version 17
VisualStudioVersion = 17.7.34024.191
MinimumVisualStudioVersion = 10.0.40219.1
Project("{8BC9CEB8-8B4A-11D0-8D11-00A0C91BC942}") = "MatrixAnylazer", "MatrixAnylazer\MatrixAnylazer.vcxproj", "{81A160C8-2C63-4BE4-BBF0-DCB25416EF99}"
EndProject
Project("{8BC9CEB8-8B4A-11D0-8D11-00A0C91BC942}") = "MatrrixAnylazerTests", "MatrrixAnylazerTests\MatrrixAnylazerTests.vcxproj", "{45C3BB11-081F-4561-8468-9CE3AE6EA304}"
EndProject
Global
	GlobalSection(SolutionConfigurationPlatforms) = preSolution
		Debug|x64 = Debug|x64
		Debug|x86 = Debug|x86
		Release|x64 = Release|x64
		Release|x86 = Release|x86
	EndGlobalSection
	GlobalSection(ProjectConfigurationPlatforms) = postSolution
		{81A160C8-2C63-4BE4-BBF0-DCB25416EF99}.Debug|x64.ActiveCfg = Debug|x64
		{81A160C8-2C63-4BE4-BBF0-DCB25416EF99}.Debug|x64.Build.0 = Debug|x64
		{81A160C8-2C63-4BE4-BBF0-DCB25416EF99}.Debug|x86.ActiveCfg = Debug|Win32
		{81A160C8-2C63-4BE4-BBF0-DCB25416EF99}.Debug|x86.Build.0 = Debug|Win32
		{81A160C8-2C63-4BE4-BBF0-DCB25416EF99}.Release|x64.ActiveCfg = Release|x64
		{81A160C8-2C63-4BE4-BBF0-DCB25416EF99}.Release|x64.Build.0 = Release|x64
		{81A160C8-2C63-4BE4-BBF0-DCB25416EF99}.Release|x86.ActiveCfg = Release|Win32
		{81A160C8-2C63-4BE4-BBF0-DCB25416EF99}.Release|x86.Build.0 = Release|Win32
		{45C3BB11-081F-4561-8468-9CE3AE6EA304}.Debug|x64.ActiveCfg = Debug|x64
		{45C3BB11-081F-4561-8468-9CE3AE6EA304}.Debug|x64.Build.0 = Debug|x64
		{45C3BB11-081F-4561-8468-9CE3AE6EA304}.Debug|x86.ActiveCfg = Debug|Win32
		{45C3BB11-081F-4561-8468-9CE3AE6EA304}.Debug|x86.Build.0 = Debug|Win32
		{45C3BB11-081F-4561-8468-9CE3AE6EA304}.Release|x64.ActiveCfg = Release|x64
		{45C3BB11-081F-4561-8468-9CE3AE6EA304}.Release|x64.Build.0 = Release|x64
		{45C3BB11-081F-4561-8468-9CE3AE6EA304}.Release|x86.ActiveCfg = Release|Win32
		{45C3BB11-081F-4561-8468-9CE3AE6EA304}.Release|x86.Build.0 = Release|Win32
	EndGlobalSection
	GlobalSection(SolutionProperties) = preSolution
		HideSolutionNode = FALSE
	EndGlobalSection
	GlobalSection(ExtensibilityGlobals) = postSolution
		SolutionGuid = {E6CFB895-2A8C-4AD3-8666-2A9766BF98C6}
	EndGlobalSection
EndGlobal
